// !$*UTF8*$!
{
	archiveVersion = 1;
	classes = {
	};
	objectVersion = 50;
	objects = {

/* Begin PBXBuildFile section */
		841151BE23D93C9400C5C413 /* AudioToolbox.framework in Frameworks */ = {isa = PBXBuildFile; fileRef = 84758B3523D9325C00335FCE /* AudioToolbox.framework */; };
		841151BF23D93CAE00C5C413 /* AVFoundation.framework in Frameworks */ = {isa = PBXBuildFile; fileRef = 84758B3723D9326400335FCE /* AVFoundation.framework */; };
		841151C023D93CC600C5C413 /* CoreLocation.framework in Frameworks */ = {isa = PBXBuildFile; fileRef = 84758B3323D9324E00335FCE /* CoreLocation.framework */; };
		841151C323D93CCF00C5C413 /* GLKit.framework in Frameworks */ = {isa = PBXBuildFile; fileRef = 841151C123D93CCF00C5C413 /* GLKit.framework */; };
		841151C423D93CCF00C5C413 /* OpenGLES.framework in Frameworks */ = {isa = PBXBuildFile; fileRef = 841151C223D93CCF00C5C413 /* OpenGLES.framework */; };
		8428907F23FE1D400034315F /* ViewController.m in Sources */ = {isa = PBXBuildFile; fileRef = 8428907E23FE1D400034315F /* ViewController.m */; };
		8428909023FE28440034315F /* sdkui.xib in Resources */ = {isa = PBXBuildFile; fileRef = 8428908E23FE28430034315F /* sdkui.xib */; };
		8428909123FE28440034315F /* FatosSdkUiView.m in Sources */ = {isa = PBXBuildFile; fileRef = 8428908F23FE28430034315F /* FatosSdkUiView.m */; };
		842890CA23FE2F7F0034315F /* sdkmenu.xib in Resources */ = {isa = PBXBuildFile; fileRef = 842890C723FE2F7E0034315F /* sdkmenu.xib */; };
		842890CB23FE2F7F0034315F /* FatosSdkMenuView.m in Sources */ = {isa = PBXBuildFile; fileRef = 842890C823FE2F7E0034315F /* FatosSdkMenuView.m */; };
		842890CF23FE316D0034315F /* FatosRgInfoView.m in Sources */ = {isa = PBXBuildFile; fileRef = 842890CD23FE316D0034315F /* FatosRgInfoView.m */; };
		842890D023FE316D0034315F /* rginfo.xib in Resources */ = {isa = PBXBuildFile; fileRef = 842890CE23FE316D0034315F /* rginfo.xib */; };
		842890D423FE3FD20034315F /* FatosSelectRouteLineView.m in Sources */ = {isa = PBXBuildFile; fileRef = 842890D223FE3FD20034315F /* FatosSelectRouteLineView.m */; };
		842890D523FE3FD20034315F /* selectrouteline.xib in Resources */ = {isa = PBXBuildFile; fileRef = 842890D323FE3FD20034315F /* selectrouteline.xib */; };
		842890DC23FE42470034315F /* FatosSearchView.m in Sources */ = {isa = PBXBuildFile; fileRef = 842890D623FE42470034315F /* FatosSearchView.m */; };
		842890DD23FE42470034315F /* FatosSearchCell.m in Sources */ = {isa = PBXBuildFile; fileRef = 842890D723FE42470034315F /* FatosSearchCell.m */; };
		842890DE23FE42470034315F /* searchlist.xib in Resources */ = {isa = PBXBuildFile; fileRef = 842890D823FE42470034315F /* searchlist.xib */; };
		842890DF23FE42470034315F /* searchcell.xib in Resources */ = {isa = PBXBuildFile; fileRef = 842890DA23FE42470034315F /* searchcell.xib */; };
		842F827823D83D3100BE9D3E /* AppDelegate.m in Sources */ = {isa = PBXBuildFile; fileRef = 842F827723D83D3100BE9D3E /* AppDelegate.m */; };
		842F827B23D83D3100BE9D3E /* SceneDelegate.m in Sources */ = {isa = PBXBuildFile; fileRef = 842F827A23D83D3100BE9D3E /* SceneDelegate.m */; };
		842F828123D83D3100BE9D3E /* Main.storyboard in Resources */ = {isa = PBXBuildFile; fileRef = 842F827F23D83D3100BE9D3E /* Main.storyboard */; };
		842F828323D83D3300BE9D3E /* Assets.xcassets in Resources */ = {isa = PBXBuildFile; fileRef = 842F828223D83D3300BE9D3E /* Assets.xcassets */; };
		842F828923D83D3300BE9D3E /* main.m in Sources */ = {isa = PBXBuildFile; fileRef = 842F828823D83D3300BE9D3E /* main.m */; };
		844028942428CA2D00D7C6EA /* libFatos.a in Frameworks */ = {isa = PBXBuildFile; fileRef = 8489470F23FE6A7600DE0D5A /* libFatos.a */; };
		8483B0DE23E1B48D000D1B52 /* LaunchScreen.storyboard in Resources */ = {isa = PBXBuildFile; fileRef = 842F828423D83D3300BE9D3E /* LaunchScreen.storyboard */; };
		8489481D23FE86F900DE0D5A /* ResFatos.bundle in Resources */ = {isa = PBXBuildFile; fileRef = 8489481C23FE86F900DE0D5A /* ResFatos.bundle */; };
/* End PBXBuildFile section */

/* Begin PBXFileReference section */
		841151C123D93CCF00C5C413 /* GLKit.framework */ = {isa = PBXFileReference; lastKnownFileType = wrapper.framework; name = GLKit.framework; path = System/Library/Frameworks/GLKit.framework; sourceTree = SDKROOT; };
		841151C223D93CCF00C5C413 /* OpenGLES.framework */ = {isa = PBXFileReference; lastKnownFileType = wrapper.framework; name = OpenGLES.framework; path = System/Library/Frameworks/OpenGLES.framework; sourceTree = SDKROOT; };
		8428907B23FE1D400034315F /* ViewController.h */ = {isa = PBXFileReference; fileEncoding = 4; lastKnownFileType = sourcecode.c.h; path = ViewController.h; sourceTree = "<group>"; };
		8428907E23FE1D400034315F /* ViewController.m */ = {isa = PBXFileReference; fileEncoding = 4; lastKnownFileType = sourcecode.c.objc; path = ViewController.m; sourceTree = "<group>"; };
		8428908D23FE28430034315F /* FatosSdkUiView.h */ = {isa = PBXFileReference; fileEncoding = 4; lastKnownFileType = sourcecode.c.h; path = FatosSdkUiView.h; sourceTree = "<group>"; };
		8428908E23FE28430034315F /* sdkui.xib */ = {isa = PBXFileReference; fileEncoding = 4; lastKnownFileType = file.xib; path = sdkui.xib; sourceTree = "<group>"; };
		8428908F23FE28430034315F /* FatosSdkUiView.m */ = {isa = PBXFileReference; fileEncoding = 4; lastKnownFileType = sourcecode.c.objc; path = FatosSdkUiView.m; sourceTree = "<group>"; };
		842890C723FE2F7E0034315F /* sdkmenu.xib */ = {isa = PBXFileReference; fileEncoding = 4; lastKnownFileType = file.xib; path = sdkmenu.xib; sourceTree = "<group>"; };
		842890C823FE2F7E0034315F /* FatosSdkMenuView.m */ = {isa = PBXFileReference; fileEncoding = 4; lastKnownFileType = sourcecode.c.objc; path = FatosSdkMenuView.m; sourceTree = "<group>"; };
		842890C923FE2F7E0034315F /* FatosSdkMenuView.h */ = {isa = PBXFileReference; fileEncoding = 4; lastKnownFileType = sourcecode.c.h; path = FatosSdkMenuView.h; sourceTree = "<group>"; };
		842890CC23FE316D0034315F /* FatosRgInfoView.h */ = {isa = PBXFileReference; fileEncoding = 4; lastKnownFileType = sourcecode.c.h; path = FatosRgInfoView.h; sourceTree = "<group>"; };
		842890CD23FE316D0034315F /* FatosRgInfoView.m */ = {isa = PBXFileReference; fileEncoding = 4; lastKnownFileType = sourcecode.c.objc; path = FatosRgInfoView.m; sourceTree = "<group>"; };
		842890CE23FE316D0034315F /* rginfo.xib */ = {isa = PBXFileReference; fileEncoding = 4; lastKnownFileType = file.xib; path = rginfo.xib; sourceTree = "<group>"; };
		842890D123FE3FD20034315F /* FatosSelectRouteLineView.h */ = {isa = PBXFileReference; fileEncoding = 4; lastKnownFileType = sourcecode.c.h; path = FatosSelectRouteLineView.h; sourceTree = "<group>"; };
		842890D223FE3FD20034315F /* FatosSelectRouteLineView.m */ = {isa = PBXFileReference; fileEncoding = 4; lastKnownFileType = sourcecode.c.objc; path = FatosSelectRouteLineView.m; sourceTree = "<group>"; };
		842890D323FE3FD20034315F /* selectrouteline.xib */ = {isa = PBXFileReference; fileEncoding = 4; lastKnownFileType = file.xib; path = selectrouteline.xib; sourceTree = "<group>"; };
		842890D623FE42470034315F /* FatosSearchView.m */ = {isa = PBXFileReference; fileEncoding = 4; lastKnownFileType = sourcecode.c.objc; path = FatosSearchView.m; sourceTree = "<group>"; };
		842890D723FE42470034315F /* FatosSearchCell.m */ = {isa = PBXFileReference; fileEncoding = 4; lastKnownFileType = sourcecode.c.objc; path = FatosSearchCell.m; sourceTree = "<group>"; };
		842890D823FE42470034315F /* searchlist.xib */ = {isa = PBXFileReference; fileEncoding = 4; lastKnownFileType = file.xib; path = searchlist.xib; sourceTree = "<group>"; };
		842890D923FE42470034315F /* FatosSearchView.h */ = {isa = PBXFileReference; fileEncoding = 4; lastKnownFileType = sourcecode.c.h; path = FatosSearchView.h; sourceTree = "<group>"; };
		842890DA23FE42470034315F /* searchcell.xib */ = {isa = PBXFileReference; fileEncoding = 4; lastKnownFileType = file.xib; path = searchcell.xib; sourceTree = "<group>"; };
		842890DB23FE42470034315F /* FatosSearchCell.h */ = {isa = PBXFileReference; fileEncoding = 4; lastKnownFileType = sourcecode.c.h; path = FatosSearchCell.h; sourceTree = "<group>"; };
		842F827323D83D3100BE9D3E /* fatos_sdk_test.app */ = {isa = PBXFileReference; explicitFileType = wrapper.application; includeInIndex = 0; path = fatos_sdk_test.app; sourceTree = BUILT_PRODUCTS_DIR; };
		842F827623D83D3100BE9D3E /* AppDelegate.h */ = {isa = PBXFileReference; lastKnownFileType = sourcecode.c.h; path = AppDelegate.h; sourceTree = "<group>"; };
		842F827723D83D3100BE9D3E /* AppDelegate.m */ = {isa = PBXFileReference; lastKnownFileType = sourcecode.c.objc; path = AppDelegate.m; sourceTree = "<group>"; };
		842F827923D83D3100BE9D3E /* SceneDelegate.h */ = {isa = PBXFileReference; lastKnownFileType = sourcecode.c.h; path = SceneDelegate.h; sourceTree = "<group>"; };
		842F827A23D83D3100BE9D3E /* SceneDelegate.m */ = {isa = PBXFileReference; lastKnownFileType = sourcecode.c.objc; path = SceneDelegate.m; sourceTree = "<group>"; };
		842F828023D83D3100BE9D3E /* Base */ = {isa = PBXFileReference; lastKnownFileType = file.storyboard; name = Base; path = Base.lproj/Main.storyboard; sourceTree = "<group>"; };
		842F828223D83D3300BE9D3E /* Assets.xcassets */ = {isa = PBXFileReference; lastKnownFileType = folder.assetcatalog; path = Assets.xcassets; sourceTree = "<group>"; };
		842F828523D83D3300BE9D3E /* Base */ = {isa = PBXFileReference; lastKnownFileType = file.storyboard; name = Base; path = Base.lproj/LaunchScreen.storyboard; sourceTree = "<group>"; };
		842F828723D83D3300BE9D3E /* Info.plist */ = {isa = PBXFileReference; lastKnownFileType = text.plist.xml; path = Info.plist; sourceTree = "<group>"; };
		842F828823D83D3300BE9D3E /* main.m */ = {isa = PBXFileReference; lastKnownFileType = sourcecode.c.objc; path = main.m; sourceTree = "<group>"; };
		84758B3323D9324E00335FCE /* CoreLocation.framework */ = {isa = PBXFileReference; lastKnownFileType = wrapper.framework; name = CoreLocation.framework; path = System/Library/Frameworks/CoreLocation.framework; sourceTree = SDKROOT; };
		84758B3523D9325C00335FCE /* AudioToolbox.framework */ = {isa = PBXFileReference; lastKnownFileType = wrapper.framework; name = AudioToolbox.framework; path = System/Library/Frameworks/AudioToolbox.framework; sourceTree = SDKROOT; };
		84758B3723D9326400335FCE /* AVFoundation.framework */ = {isa = PBXFileReference; lastKnownFileType = wrapper.framework; name = AVFoundation.framework; path = System/Library/Frameworks/AVFoundation.framework; sourceTree = SDKROOT; };
		84758B3C23D9352500335FCE /* AVKit.framework */ = {isa = PBXFileReference; lastKnownFileType = wrapper.framework; name = AVKit.framework; path = System/Library/Frameworks/AVKit.framework; sourceTree = SDKROOT; };
		8489470F23FE6A7600DE0D5A /* libFatos.a */ = {isa = PBXFileReference; lastKnownFileType = archive.ar; path = libFatos.a; sourceTree = "<group>"; };
		8489481C23FE86F900DE0D5A /* ResFatos.bundle */ = {isa = PBXFileReference; lastKnownFileType = "wrapper.plug-in"; path = ResFatos.bundle; sourceTree = "<group>"; };
		84A076B123F521B70099C68D /* ko */ = {isa = PBXFileReference; lastKnownFileType = text.plist.strings; name = ko; path = ko.lproj/Main.strings; sourceTree = "<group>"; };
		84A076B223F521B70099C68D /* ko */ = {isa = PBXFileReference; lastKnownFileType = text.plist.strings; name = ko; path = ko.lproj/LaunchScreen.strings; sourceTree = "<group>"; };
		84A076B523F5221E0099C68D /* vi */ = {isa = PBXFileReference; lastKnownFileType = text.plist.strings; name = vi; path = vi.lproj/Main.strings; sourceTree = "<group>"; };
		84A076B623F5221E0099C68D /* vi */ = {isa = PBXFileReference; lastKnownFileType = text.plist.strings; name = vi; path = vi.lproj/LaunchScreen.strings; sourceTree = "<group>"; };
		84A076B723F522270099C68D /* zh-Hans */ = {isa = PBXFileReference; lastKnownFileType = text.plist.strings; name = "zh-Hans"; path = "zh-Hans.lproj/Main.strings"; sourceTree = "<group>"; };
		84A076B823F522270099C68D /* zh-Hans */ = {isa = PBXFileReference; lastKnownFileType = text.plist.strings; name = "zh-Hans"; path = "zh-Hans.lproj/LaunchScreen.strings"; sourceTree = "<group>"; };
/* End PBXFileReference section */

/* Begin PBXFrameworksBuildPhase section */
		842F827023D83D3100BE9D3E /* Frameworks */ = {
			isa = PBXFrameworksBuildPhase;
			buildActionMask = 2147483647;
			files = (
				844028942428CA2D00D7C6EA /* libFatos.a in Frameworks */,
				841151C323D93CCF00C5C413 /* GLKit.framework in Frameworks */,
				841151C423D93CCF00C5C413 /* OpenGLES.framework in Frameworks */,
				841151C023D93CC600C5C413 /* CoreLocation.framework in Frameworks */,
				841151BF23D93CAE00C5C413 /* AVFoundation.framework in Frameworks */,
				841151BE23D93C9400C5C413 /* AudioToolbox.framework in Frameworks */,
			);
			runOnlyForDeploymentPostprocessing = 0;
		};
/* End PBXFrameworksBuildPhase section */

/* Begin PBXGroup section */
		842F826A23D83D3100BE9D3E = {
			isa = PBXGroup;
			children = (
				842F827523D83D3100BE9D3E /* fatos_sdk_test */,
				842F827423D83D3100BE9D3E /* Products */,
				842F831523D83F4600BE9D3E /* Frameworks */,
			);
			sourceTree = "<group>";
		};
		842F827423D83D3100BE9D3E /* Products */ = {
			isa = PBXGroup;
			children = (
				842F827323D83D3100BE9D3E /* fatos_sdk_test.app */,
			);
			name = Products;
			sourceTree = "<group>";
		};
		842F827523D83D3100BE9D3E /* fatos_sdk_test */ = {
			isa = PBXGroup;
			children = (
				842F827623D83D3100BE9D3E /* AppDelegate.h */,
				842F827723D83D3100BE9D3E /* AppDelegate.m */,
				842F827923D83D3100BE9D3E /* SceneDelegate.h */,
				842F827A23D83D3100BE9D3E /* SceneDelegate.m */,
				8428907B23FE1D400034315F /* ViewController.h */,
				8428907E23FE1D400034315F /* ViewController.m */,
				8428908D23FE28430034315F /* FatosSdkUiView.h */,
				8428908F23FE28430034315F /* FatosSdkUiView.m */,
				842890C923FE2F7E0034315F /* FatosSdkMenuView.h */,
				842890C823FE2F7E0034315F /* FatosSdkMenuView.m */,
				842890CC23FE316D0034315F /* FatosRgInfoView.h */,
				842890CD23FE316D0034315F /* FatosRgInfoView.m */,
				842890D123FE3FD20034315F /* FatosSelectRouteLineView.h */,
				842890D223FE3FD20034315F /* FatosSelectRouteLineView.m */,
				842890DB23FE42470034315F /* FatosSearchCell.h */,
				842890D723FE42470034315F /* FatosSearchCell.m */,
				842890D923FE42470034315F /* FatosSearchView.h */,
				842890D623FE42470034315F /* FatosSearchView.m */,
				8428908E23FE28430034315F /* sdkui.xib */,
				842890CE23FE316D0034315F /* rginfo.xib */,
				842890C723FE2F7E0034315F /* sdkmenu.xib */,
				842890D323FE3FD20034315F /* selectrouteline.xib */,
				842890DA23FE42470034315F /* searchcell.xib */,
				842890D823FE42470034315F /* searchlist.xib */,
				842F827F23D83D3100BE9D3E /* Main.storyboard */,
				842F828223D83D3300BE9D3E /* Assets.xcassets */,
				842F828423D83D3300BE9D3E /* LaunchScreen.storyboard */,
				842F828723D83D3300BE9D3E /* Info.plist */,
				842F828823D83D3300BE9D3E /* main.m */,
			);
			path = fatos_sdk_test;
			sourceTree = "<group>";
		};
		842F831523D83F4600BE9D3E /* Frameworks */ = {
			isa = PBXGroup;
			children = (
				8489481C23FE86F900DE0D5A /* ResFatos.bundle */,
				8489470F23FE6A7600DE0D5A /* libFatos.a */,
				841151C123D93CCF00C5C413 /* GLKit.framework */,
				841151C223D93CCF00C5C413 /* OpenGLES.framework */,
				84758B3C23D9352500335FCE /* AVKit.framework */,
				84758B3723D9326400335FCE /* AVFoundation.framework */,
				84758B3523D9325C00335FCE /* AudioToolbox.framework */,
				84758B3323D9324E00335FCE /* CoreLocation.framework */,
			);
			name = Frameworks;
			sourceTree = "<group>";
		};
/* End PBXGroup section */

/* Begin PBXNativeTarget section */
		842F827223D83D3100BE9D3E /* fatos_sdk_test */ = {
			isa = PBXNativeTarget;
			buildConfigurationList = 842F82A223D83D3300BE9D3E /* Build configuration list for PBXNativeTarget "fatos_sdk_test" */;
			buildPhases = (
				842F826F23D83D3100BE9D3E /* Sources */,
				842F827023D83D3100BE9D3E /* Frameworks */,
				842F827123D83D3100BE9D3E /* Resources */,
			);
			buildRules = (
			);
			dependencies = (
			);
			name = fatos_sdk_test;
			productName = fatos_sdk_test;
			productReference = 842F827323D83D3100BE9D3E /* fatos_sdk_test.app */;
			productType = "com.apple.product-type.application";
		};
/* End PBXNativeTarget section */

/* Begin PBXProject section */
		842F826B23D83D3100BE9D3E /* Project object */ = {
			isa = PBXProject;
			attributes = {
				LastUpgradeCheck = 1130;
				ORGANIZATIONNAME = fatos;
				TargetAttributes = {
					842F827223D83D3100BE9D3E = {
						CreatedOnToolsVersion = 11.3.1;
					};
				};
			};
			buildConfigurationList = 842F826E23D83D3100BE9D3E /* Build configuration list for PBXProject "fatos_sdk_test" */;
			compatibilityVersion = "Xcode 9.3";
			developmentRegion = en;
			hasScannedForEncodings = 0;
			knownRegions = (
				en,
				Base,
				ko,
				vi,
				"zh-Hans",
			);
			mainGroup = 842F826A23D83D3100BE9D3E;
			productRefGroup = 842F827423D83D3100BE9D3E /* Products */;
			projectDirPath = "";
			projectRoot = "";
			targets = (
				842F827223D83D3100BE9D3E /* fatos_sdk_test */,
			);
		};
/* End PBXProject section */

/* Begin PBXResourcesBuildPhase section */
		842F827123D83D3100BE9D3E /* Resources */ = {
			isa = PBXResourcesBuildPhase;
			buildActionMask = 2147483647;
			files = (
				8489481D23FE86F900DE0D5A /* ResFatos.bundle in Resources */,
				8428909023FE28440034315F /* sdkui.xib in Resources */,
				842890CA23FE2F7F0034315F /* sdkmenu.xib in Resources */,
				842890D523FE3FD20034315F /* selectrouteline.xib in Resources */,
				842890DE23FE42470034315F /* searchlist.xib in Resources */,
				8483B0DE23E1B48D000D1B52 /* LaunchScreen.storyboard in Resources */,
				842F828323D83D3300BE9D3E /* Assets.xcassets in Resources */,
				842890DF23FE42470034315F /* searchcell.xib in Resources */,
				842F828123D83D3100BE9D3E /* Main.storyboard in Resources */,
				842890D023FE316D0034315F /* rginfo.xib in Resources */,
			);
			runOnlyForDeploymentPostprocessing = 0;
		};
/* End PBXResourcesBuildPhase section */

/* Begin PBXSourcesBuildPhase section */
		842F826F23D83D3100BE9D3E /* Sources */ = {
			isa = PBXSourcesBuildPhase;
			buildActionMask = 2147483647;
			files = (
				842890CF23FE316D0034315F /* FatosRgInfoView.m in Sources */,
				842F827823D83D3100BE9D3E /* AppDelegate.m in Sources */,
				842F828923D83D3300BE9D3E /* main.m in Sources */,
				842890CB23FE2F7F0034315F /* FatosSdkMenuView.m in Sources */,
				842890D423FE3FD20034315F /* FatosSelectRouteLineView.m in Sources */,
				842890DD23FE42470034315F /* FatosSearchCell.m in Sources */,
				8428909123FE28440034315F /* FatosSdkUiView.m in Sources */,
				842890DC23FE42470034315F /* FatosSearchView.m in Sources */,
				8428907F23FE1D400034315F /* ViewController.m in Sources */,
				842F827B23D83D3100BE9D3E /* SceneDelegate.m in Sources */,
			);
			runOnlyForDeploymentPostprocessing = 0;
		};
/* End PBXSourcesBuildPhase section */

/* Begin PBXVariantGroup section */
		842F827F23D83D3100BE9D3E /* Main.storyboard */ = {
			isa = PBXVariantGroup;
			children = (
				842F828023D83D3100BE9D3E /* Base */,
				84A076B123F521B70099C68D /* ko */,
				84A076B523F5221E0099C68D /* vi */,
				84A076B723F522270099C68D /* zh-Hans */,
			);
			name = Main.storyboard;
			sourceTree = "<group>";
		};
		842F828423D83D3300BE9D3E /* LaunchScreen.storyboard */ = {
			isa = PBXVariantGroup;
			children = (
				842F828523D83D3300BE9D3E /* Base */,
				84A076B223F521B70099C68D /* ko */,
				84A076B623F5221E0099C68D /* vi */,
				84A076B823F522270099C68D /* zh-Hans */,
			);
			name = LaunchScreen.storyboard;
			sourceTree = "<group>";
		};
/* End PBXVariantGroup section */

/* Begin XCBuildConfiguration section */
		842F82A023D83D3300BE9D3E /* Debug */ = {
			isa = XCBuildConfiguration;
			buildSettings = {
				ALWAYS_SEARCH_USER_PATHS = NO;
				CLANG_ANALYZER_LOCALIZABILITY_NONLOCALIZED = YES;
				CLANG_ANALYZER_NONNULL = YES;
				CLANG_ANALYZER_NUMBER_OBJECT_CONVERSION = YES_AGGRESSIVE;
				CLANG_CXX_LANGUAGE_STANDARD = "gnu++14";
				CLANG_CXX_LIBRARY = "libc++";
				CLANG_ENABLE_MODULES = YES;
				CLANG_ENABLE_OBJC_ARC = YES;
				CLANG_ENABLE_OBJC_WEAK = YES;
				CLANG_WARN_BLOCK_CAPTURE_AUTORELEASING = YES;
				CLANG_WARN_BOOL_CONVERSION = YES;
				CLANG_WARN_COMMA = YES;
				CLANG_WARN_CONSTANT_CONVERSION = YES;
				CLANG_WARN_DEPRECATED_OBJC_IMPLEMENTATIONS = YES;
				CLANG_WARN_DIRECT_OBJC_ISA_USAGE = YES_ERROR;
				CLANG_WARN_DOCUMENTATION_COMMENTS = YES;
				CLANG_WARN_EMPTY_BODY = YES;
				CLANG_WARN_ENUM_CONVERSION = YES;
				CLANG_WARN_INFINITE_RECURSION = YES;
				CLANG_WARN_INT_CONVERSION = YES;
				CLANG_WARN_NON_LITERAL_NULL_CONVERSION = YES;
				CLANG_WARN_OBJC_IMPLICIT_RETAIN_SELF = YES;
				CLANG_WARN_OBJC_LITERAL_CONVERSION = YES;
				CLANG_WARN_OBJC_ROOT_CLASS = YES_ERROR;
				CLANG_WARN_RANGE_LOOP_ANALYSIS = YES;
				CLANG_WARN_STRICT_PROTOTYPES = YES;
				CLANG_WARN_SUSPICIOUS_MOVE = YES;
				CLANG_WARN_UNGUARDED_AVAILABILITY = YES_AGGRESSIVE;
				CLANG_WARN_UNREACHABLE_CODE = YES;
				CLANG_WARN__DUPLICATE_METHOD_MATCH = YES;
				COPY_PHASE_STRIP = NO;
				DEBUG_INFORMATION_FORMAT = dwarf;
				ENABLE_STRICT_OBJC_MSGSEND = YES;
				ENABLE_TESTABILITY = YES;
				GCC_C_LANGUAGE_STANDARD = gnu11;
				GCC_DYNAMIC_NO_PIC = NO;
				GCC_NO_COMMON_BLOCKS = YES;
				GCC_OPTIMIZATION_LEVEL = 0;
				GCC_PREPROCESSOR_DEFINITIONS = (
					"DEBUG=1",
					"$(inherited)",
				);
				GCC_WARN_64_TO_32_BIT_CONVERSION = YES;
				GCC_WARN_ABOUT_RETURN_TYPE = YES_ERROR;
				GCC_WARN_UNDECLARED_SELECTOR = YES;
				GCC_WARN_UNINITIALIZED_AUTOS = YES_AGGRESSIVE;
				GCC_WARN_UNUSED_FUNCTION = YES;
				GCC_WARN_UNUSED_VARIABLE = YES;
				IPHONEOS_DEPLOYMENT_TARGET = 11.0;
				MTL_ENABLE_DEBUG_INFO = INCLUDE_SOURCE;
				MTL_FAST_MATH = YES;
				ONLY_ACTIVE_ARCH = YES;
				SDKROOT = iphoneos;
			};
			name = Debug;
		};
		842F82A123D83D3300BE9D3E /* Release */ = {
			isa = XCBuildConfiguration;
			buildSettings = {
				ALWAYS_SEARCH_USER_PATHS = NO;
				CLANG_ANALYZER_LOCALIZABILITY_NONLOCALIZED = YES;
				CLANG_ANALYZER_NONNULL = YES;
				CLANG_ANALYZER_NUMBER_OBJECT_CONVERSION = YES_AGGRESSIVE;
				CLANG_CXX_LANGUAGE_STANDARD = "gnu++14";
				CLANG_CXX_LIBRARY = "libc++";
				CLANG_ENABLE_MODULES = YES;
				CLANG_ENABLE_OBJC_ARC = YES;
				CLANG_ENABLE_OBJC_WEAK = YES;
				CLANG_WARN_BLOCK_CAPTURE_AUTORELEASING = YES;
				CLANG_WARN_BOOL_CONVERSION = YES;
				CLANG_WARN_COMMA = YES;
				CLANG_WARN_CONSTANT_CONVERSION = YES;
				CLANG_WARN_DEPRECATED_OBJC_IMPLEMENTATIONS = YES;
				CLANG_WARN_DIRECT_OBJC_ISA_USAGE = YES_ERROR;
				CLANG_WARN_DOCUMENTATION_COMMENTS = YES;
				CLANG_WARN_EMPTY_BODY = YES;
				CLANG_WARN_ENUM_CONVERSION = YES;
				CLANG_WARN_INFINITE_RECURSION = YES;
				CLANG_WARN_INT_CONVERSION = YES;
				CLANG_WARN_NON_LITERAL_NULL_CONVERSION = YES;
				CLANG_WARN_OBJC_IMPLICIT_RETAIN_SELF = YES;
				CLANG_WARN_OBJC_LITERAL_CONVERSION = YES;
				CLANG_WARN_OBJC_ROOT_CLASS = YES_ERROR;
				CLANG_WARN_RANGE_LOOP_ANALYSIS = YES;
				CLANG_WARN_STRICT_PROTOTYPES = YES;
				CLANG_WARN_SUSPICIOUS_MOVE = YES;
				CLANG_WARN_UNGUARDED_AVAILABILITY = YES_AGGRESSIVE;
				CLANG_WARN_UNREACHABLE_CODE = YES;
				CLANG_WARN__DUPLICATE_METHOD_MATCH = YES;
				COPY_PHASE_STRIP = NO;
				DEBUG_INFORMATION_FORMAT = "dwarf-with-dsym";
				ENABLE_NS_ASSERTIONS = NO;
				ENABLE_STRICT_OBJC_MSGSEND = YES;
				GCC_C_LANGUAGE_STANDARD = gnu11;
				GCC_NO_COMMON_BLOCKS = YES;
				GCC_WARN_64_TO_32_BIT_CONVERSION = YES;
				GCC_WARN_ABOUT_RETURN_TYPE = YES_ERROR;
				GCC_WARN_UNDECLARED_SELECTOR = YES;
				GCC_WARN_UNINITIALIZED_AUTOS = YES_AGGRESSIVE;
				GCC_WARN_UNUSED_FUNCTION = YES;
				GCC_WARN_UNUSED_VARIABLE = YES;
				IPHONEOS_DEPLOYMENT_TARGET = 11.0;
				MTL_ENABLE_DEBUG_INFO = NO;
				MTL_FAST_MATH = YES;
				SDKROOT = iphoneos;
				VALIDATE_PRODUCT = YES;
			};
			name = Release;
		};
		842F82A323D83D3300BE9D3E /* Debug */ = {
			isa = XCBuildConfiguration;
			buildSettings = {
				ASSETCATALOG_COMPILER_APPICON_NAME = AppIcon;
				CODE_SIGN_STYLE = Automatic;
				CURRENT_PROJECT_VERSION = 3;
				DEVELOPMENT_TEAM = H5PZ4W68LT;
				HEADER_SEARCH_PATHS = "\"$(SRCROOT)/include\"";
				INFOPLIST_FILE = fatos_sdk_test/Info.plist;
				IPHONEOS_DEPLOYMENT_TARGET = 13.0;
				LD_RUNPATH_SEARCH_PATHS = (
					"$(inherited)",
					"@executable_path/Frameworks",
				);
				LIBRARY_SEARCH_PATHS = (
					"$(inherited)",
					"$(PROJECT_DIR)",
				);
				MARKETING_VERSION = 1.0.2;
				OTHER_LDFLAGS = (
					"$(inherited)",
					"-ObjC",
					"-lc++",
				);
				PRODUCT_BUNDLE_IDENTIFIER = biz.fatos.sdk;
				PRODUCT_NAME = "$(TARGET_NAME)";
				TARGETED_DEVICE_FAMILY = 1;
				USER_HEADER_SEARCH_PATHS = "$(BUILT_PRODUCTS_DIR)";
			};
			name = Debug;
		};
		842F82A423D83D3300BE9D3E /* Release */ = {
			isa = XCBuildConfiguration;
			buildSettings = {
				ASSETCATALOG_COMPILER_APPICON_NAME = AppIcon;
				CODE_SIGN_STYLE = Automatic;
				CURRENT_PROJECT_VERSION = 3;
				DEVELOPMENT_TEAM = H5PZ4W68LT;
				HEADER_SEARCH_PATHS = "\"$(SRCROOT)/include\"";
				INFOPLIST_FILE = fatos_sdk_test/Info.plist;
				IPHONEOS_DEPLOYMENT_TARGET = 13.0;
				LD_RUNPATH_SEARCH_PATHS = (
					"$(inherited)",
					"@executable_path/Frameworks",
				);
				LIBRARY_SEARCH_PATHS = (
					"$(inherited)",
					"$(PROJECT_DIR)",
				);
				MARKETING_VERSION = 1.0.2;
				OTHER_LDFLAGS = (
					"$(inherited)",
					"-ObjC",
					"-lc++",
				);
				PRODUCT_BUNDLE_IDENTIFIER = biz.fatos.sdk;
				PRODUCT_NAME = "$(TARGET_NAME)";
				TARGETED_DEVICE_FAMILY = 1;
				USER_HEADER_SEARCH_PATHS = "$(BUILT_PRODUCTS_DIR)";
			};
			name = Release;
		};
/* End XCBuildConfiguration section */

/* Begin XCConfigurationList section */
		842F826E23D83D3100BE9D3E /* Build configuration list for PBXProject "fatos_sdk_test" */ = {
			isa = XCConfigurationList;
			buildConfigurations = (
				842F82A023D83D3300BE9D3E /* Debug */,
				842F82A123D83D3300BE9D3E /* Release */,
			);
			defaultConfigurationIsVisible = 0;
			defaultConfigurationName = Release;
		};
		842F82A223D83D3300BE9D3E /* Build configuration list for PBXNativeTarget "fatos_sdk_test" */ = {
			isa = XCConfigurationList;
			buildConfigurations = (
				842F82A323D83D3300BE9D3E /* Debug */,
				842F82A423D83D3300BE9D3E /* Release */,
			);
			defaultConfigurationIsVisible = 0;
			defaultConfigurationName = Release;
		};
/* End XCConfigurationList section */
	};
	rootObject = 842F826B23D83D3100BE9D3E /* Project object */;
}
